// !$*UTF8*$!
{
	archiveVersion = 1;
	classes = {
	};
	objectVersion = 50;
	objects = {

/* Begin PBXBuildFile section */
		4F4D562D220F4FA100CDE04D /* AppDelegate.swift in Sources */ = {isa = PBXBuildFile; fileRef = 4F4D562C220F4FA100CDE04D /* AppDelegate.swift */; };
		4F4D562F220F4FA100CDE04D /* GameScene.sks in Resources */ = {isa = PBXBuildFile; fileRef = 4F4D562E220F4FA100CDE04D /* GameScene.sks */; };
		4F4D5631220F4FA100CDE04D /* Actions.sks in Resources */ = {isa = PBXBuildFile; fileRef = 4F4D5630220F4FA100CDE04D /* Actions.sks */; };
		4F4D5633220F4FA100CDE04D /* GameScene.swift in Sources */ = {isa = PBXBuildFile; fileRef = 4F4D5632220F4FA100CDE04D /* GameScene.swift */; };
		4F4D5635220F4FA100CDE04D /* GameViewController.swift in Sources */ = {isa = PBXBuildFile; fileRef = 4F4D5634220F4FA100CDE04D /* GameViewController.swift */; };
		4F4D5638220F4FA100CDE04D /* Main.storyboard in Resources */ = {isa = PBXBuildFile; fileRef = 4F4D5636220F4FA100CDE04D /* Main.storyboard */; };
		4F4D563A220F4FA400CDE04D /* Assets.xcassets in Resources */ = {isa = PBXBuildFile; fileRef = 4F4D5639220F4FA400CDE04D /* Assets.xcassets */; };
		4F4D563D220F4FA400CDE04D /* LaunchScreen.storyboard in Resources */ = {isa = PBXBuildFile; fileRef = 4F4D563B220F4FA400CDE04D /* LaunchScreen.storyboard */; };
		4F4D5650220F50BA00CDE04D /* player2Throw.png in Resources */ = {isa = PBXBuildFile; fileRef = 4F4D5645220F50BA00CDE04D /* player2Throw.png */; };
		4F4D5651220F50BA00CDE04D /* hitBuilding.sks in Resources */ = {isa = PBXBuildFile; fileRef = 4F4D5646220F50BA00CDE04D /* hitBuilding.sks */; };
		4F4D5652220F50BA00CDE04D /* spark.png in Resources */ = {isa = PBXBuildFile; fileRef = 4F4D5647220F50BA00CDE04D /* spark.png */; };
		4F4D5653220F50BA00CDE04D /* player@2x.png in Resources */ = {isa = PBXBuildFile; fileRef = 4F4D5648220F50BA00CDE04D /* player@2x.png */; };
		4F4D5654220F50BA00CDE04D /* player1Throw@2x.png in Resources */ = {isa = PBXBuildFile; fileRef = 4F4D5649220F50BA00CDE04D /* player1Throw@2x.png */; };
		4F4D5655220F50BA00CDE04D /* banana@2x.png in Resources */ = {isa = PBXBuildFile; fileRef = 4F4D564A220F50BA00CDE04D /* banana@2x.png */; };
		4F4D5656220F50BA00CDE04D /* player1Throw.png in Resources */ = {isa = PBXBuildFile; fileRef = 4F4D564B220F50BA00CDE04D /* player1Throw.png */; };
		4F4D5657220F50BA00CDE04D /* hitPlayer.sks in Resources */ = {isa = PBXBuildFile; fileRef = 4F4D564C220F50BA00CDE04D /* hitPlayer.sks */; };
		4F4D5658220F50BA00CDE04D /* banana.png in Resources */ = {isa = PBXBuildFile; fileRef = 4F4D564D220F50BA00CDE04D /* banana.png */; };
		4F4D5659220F50BA00CDE04D /* player.png in Resources */ = {isa = PBXBuildFile; fileRef = 4F4D564E220F50BA00CDE04D /* player.png */; };
		4F4D565A220F50BA00CDE04D /* player2Throw@2x.png in Resources */ = {isa = PBXBuildFile; fileRef = 4F4D564F220F50BA00CDE04D /* player2Throw@2x.png */; };
		4F4D565C220F513800CDE04D /* BuildingNode.swift in Sources */ = {isa = PBXBuildFile; fileRef = 4F4D565B220F513800CDE04D /* BuildingNode.swift */; };
/* End PBXBuildFile section */

/* Begin PBXFileReference section */
		4F4D5629220F4FA100CDE04D /* Project-29-Exploding-Monkeys.app */ = {isa = PBXFileReference; explicitFileType = wrapper.application; includeInIndex = 0; path = "Project-29-Exploding-Monkeys.app"; sourceTree = BUILT_PRODUCTS_DIR; };
		4F4D562C220F4FA100CDE04D /* AppDelegate.swift */ = {isa = PBXFileReference; lastKnownFileType = sourcecode.swift; path = AppDelegate.swift; sourceTree = "<group>"; };
		4F4D562E220F4FA100CDE04D /* GameScene.sks */ = {isa = PBXFileReference; lastKnownFileType = file.sks; path = GameScene.sks; sourceTree = "<group>"; };
		4F4D5630220F4FA100CDE04D /* Actions.sks */ = {isa = PBXFileReference; lastKnownFileType = file.sks; path = Actions.sks; sourceTree = "<group>"; };
		4F4D5632220F4FA100CDE04D /* GameScene.swift */ = {isa = PBXFileReference; lastKnownFileType = sourcecode.swift; path = GameScene.swift; sourceTree = "<group>"; };
		4F4D5634220F4FA100CDE04D /* GameViewController.swift */ = {isa = PBXFileReference; lastKnownFileType = sourcecode.swift; path = GameViewController.swift; sourceTree = "<group>"; };
		4F4D5637220F4FA100CDE04D /* Base */ = {isa = PBXFileReference; lastKnownFileType = file.storyboard; name = Base; path = Base.lproj/Main.storyboard; sourceTree = "<group>"; };
		4F4D5639220F4FA400CDE04D /* Assets.xcassets */ = {isa = PBXFileReference; lastKnownFileType = folder.assetcatalog; path = Assets.xcassets; sourceTree = "<group>"; };
		4F4D563C220F4FA400CDE04D /* Base */ = {isa = PBXFileReference; lastKnownFileType = file.storyboard; name = Base; path = Base.lproj/LaunchScreen.storyboard; sourceTree = "<group>"; };
		4F4D563E220F4FA400CDE04D /* Info.plist */ = {isa = PBXFileReference; lastKnownFileType = text.plist.xml; path = Info.plist; sourceTree = "<group>"; };
		4F4D5645220F50BA00CDE04D /* player2Throw.png */ = {isa = PBXFileReference; lastKnownFileType = image.png; path = player2Throw.png; sourceTree = "<group>"; };
		4F4D5646220F50BA00CDE04D /* hitBuilding.sks */ = {isa = PBXFileReference; lastKnownFileType = file.sks; path = hitBuilding.sks; sourceTree = "<group>"; };
		4F4D5647220F50BA00CDE04D /* spark.png */ = {isa = PBXFileReference; lastKnownFileType = image.png; path = spark.png; sourceTree = "<group>"; };
		4F4D5648220F50BA00CDE04D /* player@2x.png */ = {isa = PBXFileReference; lastKnownFileType = image.png; path = "player@2x.png"; sourceTree = "<group>"; };
		4F4D5649220F50BA00CDE04D /* player1Throw@2x.png */ = {isa = PBXFileReference; lastKnownFileType = image.png; path = "player1Throw@2x.png"; sourceTree = "<group>"; };
		4F4D564A220F50BA00CDE04D /* banana@2x.png */ = {isa = PBXFileReference; lastKnownFileType = image.png; path = "banana@2x.png"; sourceTree = "<group>"; };
		4F4D564B220F50BA00CDE04D /* player1Throw.png */ = {isa = PBXFileReference; lastKnownFileType = image.png; path = player1Throw.png; sourceTree = "<group>"; };
		4F4D564C220F50BA00CDE04D /* hitPlayer.sks */ = {isa = PBXFileReference; lastKnownFileType = file.sks; path = hitPlayer.sks; sourceTree = "<group>"; };
		4F4D564D220F50BA00CDE04D /* banana.png */ = {isa = PBXFileReference; lastKnownFileType = image.png; path = banana.png; sourceTree = "<group>"; };
		4F4D564E220F50BA00CDE04D /* player.png */ = {isa = PBXFileReference; lastKnownFileType = image.png; path = player.png; sourceTree = "<group>"; };
		4F4D564F220F50BA00CDE04D /* player2Throw@2x.png */ = {isa = PBXFileReference; lastKnownFileType = image.png; path = "player2Throw@2x.png"; sourceTree = "<group>"; };
		4F4D565B220F513800CDE04D /* BuildingNode.swift */ = {isa = PBXFileReference; lastKnownFileType = sourcecode.swift; path = BuildingNode.swift; sourceTree = "<group>"; };
/* End PBXFileReference section */

/* Begin PBXFrameworksBuildPhase section */
		4F4D5626220F4FA100CDE04D /* Frameworks */ = {
			isa = PBXFrameworksBuildPhase;
			buildActionMask = 2147483647;
			files = (
			);
			runOnlyForDeploymentPostprocessing = 0;
		};
/* End PBXFrameworksBuildPhase section */

/* Begin PBXGroup section */
		4F4D5620220F4FA100CDE04D = {
			isa = PBXGroup;
			children = (
				4F4D562B220F4FA100CDE04D /* Project-29-Exploding-Monkeys */,
				4F4D562A220F4FA100CDE04D /* Products */,
			);
			sourceTree = "<group>";
		};
		4F4D562A220F4FA100CDE04D /* Products */ = {
			isa = PBXGroup;
			children = (
				4F4D5629220F4FA100CDE04D /* Project-29-Exploding-Monkeys.app */,
			);
			name = Products;
			sourceTree = "<group>";
		};
		4F4D562B220F4FA100CDE04D /* Project-29-Exploding-Monkeys */ = {
			isa = PBXGroup;
			children = (
				4F4D562C220F4FA100CDE04D /* AppDelegate.swift */,
				4F4D562E220F4FA100CDE04D /* GameScene.sks */,
				4F4D5630220F4FA100CDE04D /* Actions.sks */,
				4F4D5632220F4FA100CDE04D /* GameScene.swift */,
				4F4D5634220F4FA100CDE04D /* GameViewController.swift */,
				4F4D565B220F513800CDE04D /* BuildingNode.swift */,
				4F4D5636220F4FA100CDE04D /* Main.storyboard */,
				4F4D5639220F4FA400CDE04D /* Assets.xcassets */,
				4F4D563B220F4FA400CDE04D /* LaunchScreen.storyboard */,
				4F4D563E220F4FA400CDE04D /* Info.plist */,
				4F4D5644220F50BA00CDE04D /* Content */,
			);
			path = "Project-29-Exploding-Monkeys";
			sourceTree = "<group>";
		};
		4F4D5644220F50BA00CDE04D /* Content */ = {
			isa = PBXGroup;
			children = (
				4F4D5645220F50BA00CDE04D /* player2Throw.png */,
				4F4D5646220F50BA00CDE04D /* hitBuilding.sks */,
				4F4D5647220F50BA00CDE04D /* spark.png */,
				4F4D5648220F50BA00CDE04D /* player@2x.png */,
				4F4D5649220F50BA00CDE04D /* player1Throw@2x.png */,
				4F4D564A220F50BA00CDE04D /* banana@2x.png */,
				4F4D564B220F50BA00CDE04D /* player1Throw.png */,
				4F4D564C220F50BA00CDE04D /* hitPlayer.sks */,
				4F4D564D220F50BA00CDE04D /* banana.png */,
				4F4D564E220F50BA00CDE04D /* player.png */,
				4F4D564F220F50BA00CDE04D /* player2Throw@2x.png */,
			);
			path = Content;
			sourceTree = "<group>";
		};
/* End PBXGroup section */

/* Begin PBXNativeTarget section */
		4F4D5628220F4FA100CDE04D /* Project-29-Exploding-Monkeys */ = {
			isa = PBXNativeTarget;
			buildConfigurationList = 4F4D5641220F4FA400CDE04D /* Build configuration list for PBXNativeTarget "Project-29-Exploding-Monkeys" */;
			buildPhases = (
				4F4D5625220F4FA100CDE04D /* Sources */,
				4F4D5626220F4FA100CDE04D /* Frameworks */,
				4F4D5627220F4FA100CDE04D /* Resources */,
			);
			buildRules = (
			);
			dependencies = (
			);
			name = "Project-29-Exploding-Monkeys";
			productName = "Project-29-Exploding-Monkeys";
			productReference = 4F4D5629220F4FA100CDE04D /* Project-29-Exploding-Monkeys.app */;
			productType = "com.apple.product-type.application";
		};
/* End PBXNativeTarget section */

/* Begin PBXProject section */
		4F4D5621220F4FA100CDE04D /* Project object */ = {
			isa = PBXProject;
			attributes = {
				LastSwiftUpdateCheck = 1010;
				LastUpgradeCheck = 1010;
				ORGANIZATIONNAME = "A&D Progress";
				TargetAttributes = {
					4F4D5628220F4FA100CDE04D = {
						CreatedOnToolsVersion = 10.1;
					};
				};
			};
			buildConfigurationList = 4F4D5624220F4FA100CDE04D /* Build configuration list for PBXProject "Project-29-Exploding-Monkeys" */;
			compatibilityVersion = "Xcode 9.3";
			developmentRegion = en;
			hasScannedForEncodings = 0;
			knownRegions = (
				en,
				Base,
			);
			mainGroup = 4F4D5620220F4FA100CDE04D;
			productRefGroup = 4F4D562A220F4FA100CDE04D /* Products */;
			projectDirPath = "";
			projectRoot = "";
			targets = (
				4F4D5628220F4FA100CDE04D /* Project-29-Exploding-Monkeys */,
			);
		};
/* End PBXProject section */

/* Begin PBXResourcesBuildPhase section */
		4F4D5627220F4FA100CDE04D /* Resources */ = {
			isa = PBXResourcesBuildPhase;
			buildActionMask = 2147483647;
			files = (
				4F4D5650220F50BA00CDE04D /* player2Throw.png in Resources */,
				4F4D5638220F4FA100CDE04D /* Main.storyboard in Resources */,
				4F4D5657220F50BA00CDE04D /* hitPlayer.sks in Resources */,
				4F4D565A220F50BA00CDE04D /* player2Throw@2x.png in Resources */,
				4F4D562F220F4FA100CDE04D /* GameScene.sks in Resources */,
				4F4D5658220F50BA00CDE04D /* banana.png in Resources */,
				4F4D5651220F50BA00CDE04D /* hitBuilding.sks in Resources */,
				4F4D563A220F4FA400CDE04D /* Assets.xcassets in Resources */,
				4F4D5652220F50BA00CDE04D /* spark.png in Resources */,
				4F4D563D220F4FA400CDE04D /* LaunchScreen.storyboard in Resources */,
				4F4D5653220F50BA00CDE04D /* player@2x.png in Resources */,
				4F4D5654220F50BA00CDE04D /* player1Throw@2x.png in Resources */,
				4F4D5659220F50BA00CDE04D /* player.png in Resources */,
				4F4D5656220F50BA00CDE04D /* player1Throw.png in Resources */,
				4F4D5655220F50BA00CDE04D /* banana@2x.png in Resources */,
				4F4D5631220F4FA100CDE04D /* Actions.sks in Resources */,
			);
			runOnlyForDeploymentPostprocessing = 0;
		};
/* End PBXResourcesBuildPhase section */

/* Begin PBXSourcesBuildPhase section */
		4F4D5625220F4FA100CDE04D /* Sources */ = {
			isa = PBXSourcesBuildPhase;
			buildActionMask = 2147483647;
			files = (
				4F4D5633220F4FA100CDE04D /* GameScene.swift in Sources */,
				4F4D565C220F513800CDE04D /* BuildingNode.swift in Sources */,
				4F4D5635220F4FA100CDE04D /* GameViewController.swift in Sources */,
				4F4D562D220F4FA100CDE04D /* AppDelegate.swift in Sources */,
			);
			runOnlyForDeploymentPostprocessing = 0;
		};
/* End PBXSourcesBuildPhase section */

/* Begin PBXVariantGroup section */
		4F4D5636220F4FA100CDE04D /* Main.storyboard */ = {
			isa = PBXVariantGroup;
			children = (
				4F4D5637220F4FA100CDE04D /* Base */,
			);
			name = Main.storyboard;
			sourceTree = "<group>";
		};
		4F4D563B220F4FA400CDE04D /* LaunchScreen.storyboard */ = {
			isa = PBXVariantGroup;
			children = (
				4F4D563C220F4FA400CDE04D /* Base */,
			);
			name = LaunchScreen.storyboard;
			sourceTree = "<group>";
		};
/* End PBXVariantGroup section */

/* Begin XCBuildConfiguration section */
		4F4D563F220F4FA400CDE04D /* Debug */ = {
			isa = XCBuildConfiguration;
			buildSettings = {
				ALWAYS_SEARCH_USER_PATHS = NO;
				CLANG_ANALYZER_NONNULL = YES;
				CLANG_ANALYZER_NUMBER_OBJECT_CONVERSION = YES_AGGRESSIVE;
				CLANG_CXX_LANGUAGE_STANDARD = "gnu++14";
				CLANG_CXX_LIBRARY = "libc++";
				CLANG_ENABLE_MODULES = YES;
				CLANG_ENABLE_OBJC_ARC = YES;
				CLANG_ENABLE_OBJC_WEAK = YES;
				CLANG_WARN_BLOCK_CAPTURE_AUTORELEASING = YES;
				CLANG_WARN_BOOL_CONVERSION = YES;
				CLANG_WARN_COMMA = YES;
				CLANG_WARN_CONSTANT_CONVERSION = YES;
				CLANG_WARN_DEPRECATED_OBJC_IMPLEMENTATIONS = YES;
				CLANG_WARN_DIRECT_OBJC_ISA_USAGE = YES_ERROR;
				CLANG_WARN_DOCUMENTATION_COMMENTS = YES;
				CLANG_WARN_EMPTY_BODY = YES;
				CLANG_WARN_ENUM_CONVERSION = YES;
				CLANG_WARN_INFINITE_RECURSION = YES;
				CLANG_WARN_INT_CONVERSION = YES;
				CLANG_WARN_NON_LITERAL_NULL_CONVERSION = YES;
				CLANG_WARN_OBJC_IMPLICIT_RETAIN_SELF = YES;
				CLANG_WARN_OBJC_LITERAL_CONVERSION = YES;
				CLANG_WARN_OBJC_ROOT_CLASS = YES_ERROR;
				CLANG_WARN_RANGE_LOOP_ANALYSIS = YES;
				CLANG_WARN_STRICT_PROTOTYPES = YES;
				CLANG_WARN_SUSPICIOUS_MOVE = YES;
				CLANG_WARN_UNGUARDED_AVAILABILITY = YES_AGGRESSIVE;
				CLANG_WARN_UNREACHABLE_CODE = YES;
				CLANG_WARN__DUPLICATE_METHOD_MATCH = YES;
				CODE_SIGN_IDENTITY = "iPhone Developer";
				COPY_PHASE_STRIP = NO;
				DEBUG_INFORMATION_FORMAT = dwarf;
				ENABLE_STRICT_OBJC_MSGSEND = YES;
				ENABLE_TESTABILITY = YES;
				GCC_C_LANGUAGE_STANDARD = gnu11;
				GCC_DYNAMIC_NO_PIC = NO;
				GCC_NO_COMMON_BLOCKS = YES;
				GCC_OPTIMIZATION_LEVEL = 0;
				GCC_PREPROCESSOR_DEFINITIONS = (
					"DEBUG=1",
					"$(inherited)",
				);
				GCC_WARN_64_TO_32_BIT_CONVERSION = YES;
				GCC_WARN_ABOUT_RETURN_TYPE = YES_ERROR;
				GCC_WARN_UNDECLARED_SELECTOR = YES;
				GCC_WARN_UNINITIALIZED_AUTOS = YES_AGGRESSIVE;
				GCC_WARN_UNUSED_FUNCTION = YES;
				GCC_WARN_UNUSED_VARIABLE = YES;
				IPHONEOS_DEPLOYMENT_TARGET = 12.1;
				MTL_ENABLE_DEBUG_INFO = INCLUDE_SOURCE;
				MTL_FAST_MATH = YES;
				ONLY_ACTIVE_ARCH = YES;
				SDKROOT = iphoneos;
				SWIFT_ACTIVE_COMPILATION_CONDITIONS = DEBUG;
				SWIFT_OPTIMIZATION_LEVEL = "-Onone";
			};
			name = Debug;
		};
		4F4D5640220F4FA400CDE04D /* Release */ = {
			isa = XCBuildConfiguration;
			buildSettings = {
				ALWAYS_SEARCH_USER_PATHS = NO;
				CLANG_ANALYZER_NONNULL = YES;
				CLANG_ANALYZER_NUMBER_OBJECT_CONVERSION = YES_AGGRESSIVE;
				CLANG_CXX_LANGUAGE_STANDARD = "gnu++14";
				CLANG_CXX_LIBRARY = "libc++";
				CLANG_ENABLE_MODULES = YES;
				CLANG_ENABLE_OBJC_ARC = YES;
				CLANG_ENABLE_OBJC_WEAK = YES;
				CLANG_WARN_BLOCK_CAPTURE_AUTORELEASING = YES;
				CLANG_WARN_BOOL_CONVERSION = YES;
				CLANG_WARN_COMMA = YES;
				CLANG_WARN_CONSTANT_CONVERSION = YES;
				CLANG_WARN_DEPRECATED_OBJC_IMPLEMENTATIONS = YES;
				CLANG_WARN_DIRECT_OBJC_ISA_USAGE = YES_ERROR;
				CLANG_WARN_DOCUMENTATION_COMMENTS = YES;
				CLANG_WARN_EMPTY_BODY = YES;
				CLANG_WARN_ENUM_CONVERSION = YES;
				CLANG_WARN_INFINITE_RECURSION = YES;
				CLANG_WARN_INT_CONVERSION = YES;
				CLANG_WARN_NON_LITERAL_NULL_CONVERSION = YES;
				CLANG_WARN_OBJC_IMPLICIT_RETAIN_SELF = YES;
				CLANG_WARN_OBJC_LITERAL_CONVERSION = YES;
				CLANG_WARN_OBJC_ROOT_CLASS = YES_ERROR;
				CLANG_WARN_RANGE_LOOP_ANALYSIS = YES;
				CLANG_WARN_STRICT_PROTOTYPES = YES;
				CLANG_WARN_SUSPICIOUS_MOVE = YES;
				CLANG_WARN_UNGUARDED_AVAILABILITY = YES_AGGRESSIVE;
				CLANG_WARN_UNREACHABLE_CODE = YES;
				CLANG_WARN__DUPLICATE_METHOD_MATCH = YES;
				CODE_SIGN_IDENTITY = "iPhone Developer";
				COPY_PHASE_STRIP = NO;
				DEBUG_INFORMATION_FORMAT = "dwarf-with-dsym";
				ENABLE_NS_ASSERTIONS = NO;
				ENABLE_STRICT_OBJC_MSGSEND = YES;
				GCC_C_LANGUAGE_STANDARD = gnu11;
				GCC_NO_COMMON_BLOCKS = YES;
				GCC_WARN_64_TO_32_BIT_CONVERSION = YES;
				GCC_WARN_ABOUT_RETURN_TYPE = YES_ERROR;
				GCC_WARN_UNDECLARED_SELECTOR = YES;
				GCC_WARN_UNINITIALIZED_AUTOS = YES_AGGRESSIVE;
				GCC_WARN_UNUSED_FUNCTION = YES;
				GCC_WARN_UNUSED_VARIABLE = YES;
				IPHONEOS_DEPLOYMENT_TARGET = 12.1;
				MTL_ENABLE_DEBUG_INFO = NO;
				MTL_FAST_MATH = YES;
				SDKROOT = iphoneos;
				SWIFT_COMPILATION_MODE = wholemodule;
				SWIFT_OPTIMIZATION_LEVEL = "-O";
				VALIDATE_PRODUCT = YES;
			};
			name = Release;
		};
		4F4D5642220F4FA400CDE04D /* Debug */ = {
			isa = XCBuildConfiguration;
			buildSettings = {
				ASSETCATALOG_COMPILER_APPICON_NAME = AppIcon;
				CODE_SIGN_STYLE = Automatic;
				DEVELOPMENT_TEAM = 6GDWE93PAP;
				INFOPLIST_FILE = "Project-29-Exploding-Monkeys/Info.plist";
				LD_RUNPATH_SEARCH_PATHS = (
					"$(inherited)",
					"@executable_path/Frameworks",
				);
				PRODUCT_BUNDLE_IDENTIFIER = "com.adprogress.Project-29-Exploding-Monkeys";
				PRODUCT_NAME = "$(TARGET_NAME)";
				SWIFT_VERSION = 4.2;
				TARGETED_DEVICE_FAMILY = "1,2";
			};
			name = Debug;
		};
		4F4D5643220F4FA400CDE04D /* Release */ = {
			isa = XCBuildConfiguration;
			buildSettings = {
				ASSETCATALOG_COMPILER_APPICON_NAME = AppIcon;
				CODE_SIGN_STYLE = Automatic;
				DEVELOPMENT_TEAM = 6GDWE93PAP;
				INFOPLIST_FILE = "Project-29-Exploding-Monkeys/Info.plist";
				LD_RUNPATH_SEARCH_PATHS = (
					"$(inherited)",
					"@executable_path/Frameworks",
				);
				PRODUCT_BUNDLE_IDENTIFIER = "com.adprogress.Project-29-Exploding-Monkeys";
				PRODUCT_NAME = "$(TARGET_NAME)";
				SWIFT_VERSION = 4.2;
				TARGETED_DEVICE_FAMILY = "1,2";
			};
			name = Release;
		};
/* End XCBuildConfiguration section */

/* Begin XCConfigurationList section */
		4F4D5624220F4FA100CDE04D /* Build configuration list for PBXProject "Project-29-Exploding-Monkeys" */ = {
			isa = XCConfigurationList;
			buildConfigurations = (
				4F4D563F220F4FA400CDE04D /* Debug */,
				4F4D5640220F4FA400CDE04D /* Release */,
			);
			defaultConfigurationIsVisible = 0;
			defaultConfigurationName = Release;
		};
		4F4D5641220F4FA400CDE04D /* Build configuration list for PBXNativeTarget "Project-29-Exploding-Monkeys" */ = {
			isa = XCConfigurationList;
			buildConfigurations = (
				4F4D5642220F4FA400CDE04D /* Debug */,
				4F4D5643220F4FA400CDE04D /* Release */,
			);
			defaultConfigurationIsVisible = 0;
			defaultConfigurationName = Release;
		};
/* End XCConfigurationList section */
	};
	rootObject = 4F4D5621220F4FA100CDE04D /* Project object */;
}
